PODS:
  - JKUIBaseKit (0.3.5):
    - JKUIBaseKit/JKCustomUI (= 0.3.5)
    - JKUIBaseKit/JKSVProgressHUD (= 0.3.5)
    - JKUIBaseKit/JKUICategory (= 0.3.5)
    - JKUIBaseKit/JKUIMacro (= 0.3.5)
    - JKUIBaseKit/JKUITableViewController (= 0.3.5)
    - SVProgressHUD
  - JKUIBaseKit/JKCustomUI (0.3.5):
    - SVProgressHUD
  - JKUIBaseKit/JKSVProgressHUD (0.3.5):
    - JKUIBaseKit/JKUIMacro
    - SVProgressHUD
  - JKUIBaseKit/JKUICategory (0.3.5):
    - JKUIBaseKit/JKUIMacro
    - SVProgressHUD
  - JKUIBaseKit/JKUIMacro (0.3.5):
    - SVProgressHUD
  - JKUIBaseKit/JKUITableViewController (0.3.5):
    - JKUIBaseKit/JKUIMacro
    - Masonry
    - MJRefresh
    - SVProgressHUD
  - Masonry (1.1.0)
  - MJRefresh (3.4.3)
  - SVProgressHUD (2.1.2)

DEPENDENCIES:
  - JKUIBaseKit (from `../`)

SPEC REPOS:
  https://github.com/cocoapods/specs.git:
    - Masonry
    - MJRefresh
    - SVProgressHUD

EXTERNAL SOURCES:
  JKUIBaseKit:
    :path: "../"

SPEC CHECKSUMS:
  JKUIBaseKit: a0bc68bd9eb55a529fb5d2a4c03257a35f8f5928
  Masonry: 678fab65091a9290e40e2832a55e7ab731aad201
  MJRefresh: 53e3e3219f204425ee6d3e62e8733d3295944cd6
  SVProgressHUD: c404a55d78acbeb7ebb78b76d3faf986475a6994

PODFILE CHECKSUM: 739a3bd9a66f00e6d306b0bcd2926afd06de5369

COCOAPODS: 1.6.1
