PODS:
  - JKUIBaseKit (0.3.5):
    - JKUIBaseKit/JKCustomUI (= 0.3.5)
    - JKUIBaseKit/JKSVProgressHUD (= 0.3.5)
    - JKUIBaseKit/JKUICategory (= 0.3.5)
    - JKUIBaseKit/JKUIMacro (= 0.3.5)
    - SVProgressHUD
  - JKUIBaseKit/JKCustomUI (0.3.5):
    - SVProgressHUD
  - JKUIBaseKit/JKSVProgressHUD (0.3.5):
    - JKUIBaseKit/JKUIMacro
    - SVProgressHUD
  - JKUIBaseKit/JKUICategory (0.3.5):
    - JKUIBaseKit/JKUIMacro
    - SVProgressHUD
  - JKUIBaseKit/JKUIMacro (0.3.5):
    - SVProgressHUD
  - SVProgressHUD (2.1.2)

DEPENDENCIES:
  - JKUIBaseKit (from `../`)

SPEC REPOS:
  https://github.com/cocoapods/specs.git:
    - SVProgressHUD

EXTERNAL SOURCES:
  JKUIBaseKit:
    :path: "../"

SPEC CHECKSUMS:
  JKUIBaseKit: 2ff94f46870b52766365b2c26f33050dee924d4a
  SVProgressHUD: c404a55d78acbeb7ebb78b76d3faf986475a6994

PODFILE CHECKSUM: 739a3bd9a66f00e6d306b0bcd2926afd06de5369

COCOAPODS: 1.6.1
