PODS:
  - JKUIBaseKit (0.1.0):
    - JKUIBaseKit/JKSVProgressHUD (= 0.1.0)
    - JKUIBaseKit/JKUICategory (= 0.1.0)
    - SVProgressHUD
  - JKUIBaseKit/JKSVProgressHUD (0.1.0):
    - SVProgressHUD
  - JKUIBaseKit/JKUICategory (0.1.0):
    - SVProgressHUD
  - SVProgressHUD (2.1.2)

DEPENDENCIES:
  - JKUIBaseKit (from `../JKUIBaseKit.podspec`)

EXTERNAL SOURCES:
  JKUIBaseKit:
    :path: ../JKUIBaseKit.podspec

SPEC CHECKSUMS:
  JKUIBaseKit: cd97d9184a0fe6c9f167924e9ee1c48368789649
  SVProgressHUD: c404a55d78acbeb7ebb78b76d3faf986475a6994

PODFILE CHECKSUM: f7a89b7c0612d7b4174446e035b600e41fc54249

COCOAPODS: 1.2.0
